
Microsoft Visual Studio Solution File, Format Version 12.00
# Visual Studio Version 16
VisualStudioVersion = 16.0.33927.289
MinimumVisualStudioVersion = 10.0.40219.1
Project("{2150E333-8FDC-42A3-9474-1A3956D46DE8}") = "Task0", "Task0", "{F817D029-C0DB-42C9-8BE3-92B457234BD5}"
EndProject
Project("{FAE04EC0-301F-11D3-BF4B-00C04F79EFBC}") = "Tyuiu.KozhevnikovDG.Sprint1.Task0.V0", "Tyuiu.KozhevnikovDG.Sprint1.Task0.V0\Tyuiu.KozhevnikovDG.Sprint1.Task0.V0.csproj", "{A5030386-718B-41B0-9BDC-995F0F5056C0}"
EndProject
Project("{FAE04EC0-301F-11D3-BF4B-00C04F79EFBC}") = "Tyuiu.KozhevnikovDG.Sprint1.Task0.V0.Lib", "Tyuiu.KozhevnikovDG.Sprint1.Task0.V0.Lib\Tyuiu.KozhevnikovDG.Sprint1.Task0.V0.Lib.csproj", "{201F411D-3B1E-4D0A-AFE6-B02E3BFF0095}"
EndProject
Project("{FAE04EC0-301F-11D3-BF4B-00C04F79EFBC}") = "Tyuiu.KozhevnikovDG.Sprint1.Task0.V0.Test", "Tyuiu.KozhevnikovDG.Sprint1.Task0.V0.Test\Tyuiu.KozhevnikovDG.Sprint1.Task0.V0.Test.csproj", "{BCABE5F8-7A41-4AD5-A0C7-43752932B12D}"
EndProject
Project("{2150E333-8FDC-42A3-9474-1A3956D46DE8}") = "Task1", "Task1", "{9AE2D8E1-FACF-4886-A864-5537DBE2076D}"
EndProject
Project("{FAE04EC0-301F-11D3-BF4B-00C04F79EFBC}") = "Tyuiu.KozhevnikovDG.Sprint1.Task1.V28", "Tyuiu.KozhevnikovDG.Sprint1.Task1.V28\Tyuiu.KozhevnikovDG.Sprint1.Task1.V28.csproj", "{E310CA69-E932-4E71-8E74-3295D0E770C2}"
EndProject
Project("{FAE04EC0-301F-11D3-BF4B-00C04F79EFBC}") = "Tyuiu.KozhevnikovDG.Sprint1.Task1.V28.Lib", "Tyuiu.KozhevnikovDG.Sprint1.Task1.V28.Lib\Tyuiu.KozhevnikovDG.Sprint1.Task1.V28.Lib.csproj", "{A617475E-5585-4A82-9F71-678E519A20EA}"
EndProject
Project("{FAE04EC0-301F-11D3-BF4B-00C04F79EFBC}") = "Tyuiu.KozhevnikovDG.Sprint1.Task1.V28.Test", "Tyuiu.KozhevnikovDG.Sprint1.Task1.V28.Test\Tyuiu.KozhevnikovDG.Sprint1.Task1.V28.Test.csproj", "{97C4BA7C-0AD4-456B-ABBF-27E43EF2FF6C}"
EndProject
Project("{2150E333-8FDC-42A3-9474-1A3956D46DE8}") = "Task2", "Task2", "{3C25F90F-BFDD-4EFE-8809-F131DC3B78AC}"
EndProject
Project("{FAE04EC0-301F-11D3-BF4B-00C04F79EFBC}") = "Tyuiu.KozhevnikovDG.Sprint1.Task2.V8", "Tyuiu.KozhevnikovDG.Sprint1.Task2.V8\Tyuiu.KozhevnikovDG.Sprint1.Task2.V8.csproj", "{A6D1461B-3F5E-4391-9D71-2B36871AF671}"
EndProject
Project("{FAE04EC0-301F-11D3-BF4B-00C04F79EFBC}") = "Tyuiu.KozhevnikovDG.Sprint1.Task2.V8.Lib", "Tyuiu.KozhevnikovDG.Sprint1.Task2.V8.Lib\Tyuiu.KozhevnikovDG.Sprint1.Task2.V8.Lib.csproj", "{FCCBE7A9-CFE7-44DA-A380-1CC440A7C73D}"
EndProject
Project("{FAE04EC0-301F-11D3-BF4B-00C04F79EFBC}") = "Tyuiu.KozhevnikovDG.Sprint1.Task2.V8.Test", "Tyuiu.KozhevnikovDG.Sprint1.Task2.V8.Test\Tyuiu.KozhevnikovDG.Sprint1.Task2.V8.Test.csproj", "{E77B9414-F8BD-4CE7-85BE-3BC9741B9733}"
EndProject
Project("{2150E333-8FDC-42A3-9474-1A3956D46DE8}") = "Task3", "Task3", "{23586514-CA9B-42D1-8AB7-EFF3BCB0628F}"
EndProject
Project("{FAE04EC0-301F-11D3-BF4B-00C04F79EFBC}") = "Tyuiu.KozhevnikovDG.Sprint1.Task3.V2", "Tyuiu.KozhevnikovDG.Sprint1.Task3.V2\Tyuiu.KozhevnikovDG.Sprint1.Task3.V2.csproj", "{7951E977-945F-4AD9-83A8-371CB3472650}"
EndProject
Project("{FAE04EC0-301F-11D3-BF4B-00C04F79EFBC}") = "Tyuiu.KozhevnikovDG.Sprint1.Task3.V2.Lib", "Tyuiu.KozhevnikovDG.Sprint1.Task3.V2.Lib\Tyuiu.KozhevnikovDG.Sprint1.Task3.V2.Lib.csproj", "{CFC42C37-B855-4269-A5CA-9D2667ADBD17}"
EndProject
Project("{FAE04EC0-301F-11D3-BF4B-00C04F79EFBC}") = "Tyuiu.KozhevnikovDG.Sprint1.Task3.V2.Test", "Tyuiu.KozhevnikovDG.Sprint1.Task3.V2.Test\Tyuiu.KozhevnikovDG.Sprint1.Task3.V2.Test.csproj", "{D1A5C9AB-83C6-4CB2-A4A6-E3A7662D26F8}"
EndProject
Project("{2150E333-8FDC-42A3-9474-1A3956D46DE8}") = "Task4", "Task4", "{D2AC62D2-2DA7-4932-A75E-B9B483B2CAE8}"
EndProject
Project("{FAE04EC0-301F-11D3-BF4B-00C04F79EFBC}") = "Tyuiu.KozhevnikovDG.Sprint1.Task4.V1", "Tyuiu.KozhevnikovDG.Sprint1.Task4.V1\Tyuiu.KozhevnikovDG.Sprint1.Task4.V1.csproj", "{46AB81C5-9E08-40D4-A895-FFE9FFDB9232}"
EndProject
Project("{FAE04EC0-301F-11D3-BF4B-00C04F79EFBC}") = "Tyuiu.KozhevnikovDG.Sprint1.Task4.V1.Lib", "Tyuiu.KozhevnikovDG.Sprint1.Task4.V1.Lib\Tyuiu.KozhevnikovDG.Sprint1.Task4.V1.Lib.csproj", "{AF4F4E84-C6D2-4BA5-83C1-4E730A19DAB1}"
EndProject
Project("{FAE04EC0-301F-11D3-BF4B-00C04F79EFBC}") = "Tyuiu.KozhevnikovDG.Sprint1.Task4.V1.Test", "Tyuiu.KozhevnikovDG.Sprint1.Task4.V1.Test\Tyuiu.KozhevnikovDG.Sprint1.Task4.V1.Test.csproj", "{3162D629-E25D-4D0E-9CC8-EBE0C94A60AC}"
EndProject
Global
	GlobalSection(SolutionConfigurationPlatforms) = preSolution
		Debug|Any CPU = Debug|Any CPU
		Release|Any CPU = Release|Any CPU
	EndGlobalSection
	GlobalSection(ProjectConfigurationPlatforms) = postSolution
		{A5030386-718B-41B0-9BDC-995F0F5056C0}.Debug|Any CPU.ActiveCfg = Debug|Any CPU
		{A5030386-718B-41B0-9BDC-995F0F5056C0}.Debug|Any CPU.Build.0 = Debug|Any CPU
		{A5030386-718B-41B0-9BDC-995F0F5056C0}.Release|Any CPU.ActiveCfg = Release|Any CPU
		{A5030386-718B-41B0-9BDC-995F0F5056C0}.Release|Any CPU.Build.0 = Release|Any CPU
		{201F411D-3B1E-4D0A-AFE6-B02E3BFF0095}.Debug|Any CPU.ActiveCfg = Debug|Any CPU
		{201F411D-3B1E-4D0A-AFE6-B02E3BFF0095}.Debug|Any CPU.Build.0 = Debug|Any CPU
		{201F411D-3B1E-4D0A-AFE6-B02E3BFF0095}.Release|Any CPU.ActiveCfg = Release|Any CPU
		{201F411D-3B1E-4D0A-AFE6-B02E3BFF0095}.Release|Any CPU.Build.0 = Release|Any CPU
		{BCABE5F8-7A41-4AD5-A0C7-43752932B12D}.Debug|Any CPU.ActiveCfg = Debug|Any CPU
		{BCABE5F8-7A41-4AD5-A0C7-43752932B12D}.Debug|Any CPU.Build.0 = Debug|Any CPU
		{BCABE5F8-7A41-4AD5-A0C7-43752932B12D}.Release|Any CPU.ActiveCfg = Release|Any CPU
		{BCABE5F8-7A41-4AD5-A0C7-43752932B12D}.Release|Any CPU.Build.0 = Release|Any CPU
		{E310CA69-E932-4E71-8E74-3295D0E770C2}.Debug|Any CPU.ActiveCfg = Debug|Any CPU
		{E310CA69-E932-4E71-8E74-3295D0E770C2}.Debug|Any CPU.Build.0 = Debug|Any CPU
		{E310CA69-E932-4E71-8E74-3295D0E770C2}.Release|Any CPU.ActiveCfg = Release|Any CPU
		{E310CA69-E932-4E71-8E74-3295D0E770C2}.Release|Any CPU.Build.0 = Release|Any CPU
		{A617475E-5585-4A82-9F71-678E519A20EA}.Debug|Any CPU.ActiveCfg = Debug|Any CPU
		{A617475E-5585-4A82-9F71-678E519A20EA}.Debug|Any CPU.Build.0 = Debug|Any CPU
		{A617475E-5585-4A82-9F71-678E519A20EA}.Release|Any CPU.ActiveCfg = Release|Any CPU
		{A617475E-5585-4A82-9F71-678E519A20EA}.Release|Any CPU.Build.0 = Release|Any CPU
		{97C4BA7C-0AD4-456B-ABBF-27E43EF2FF6C}.Debug|Any CPU.ActiveCfg = Debug|Any CPU
		{97C4BA7C-0AD4-456B-ABBF-27E43EF2FF6C}.Debug|Any CPU.Build.0 = Debug|Any CPU
		{97C4BA7C-0AD4-456B-ABBF-27E43EF2FF6C}.Release|Any CPU.ActiveCfg = Release|Any CPU
		{97C4BA7C-0AD4-456B-ABBF-27E43EF2FF6C}.Release|Any CPU.Build.0 = Release|Any CPU
		{A6D1461B-3F5E-4391-9D71-2B36871AF671}.Debug|Any CPU.ActiveCfg = Debug|Any CPU
		{A6D1461B-3F5E-4391-9D71-2B36871AF671}.Debug|Any CPU.Build.0 = Debug|Any CPU
		{A6D1461B-3F5E-4391-9D71-2B36871AF671}.Release|Any CPU.ActiveCfg = Release|Any CPU
		{A6D1461B-3F5E-4391-9D71-2B36871AF671}.Release|Any CPU.Build.0 = Release|Any CPU
		{FCCBE7A9-CFE7-44DA-A380-1CC440A7C73D}.Debug|Any CPU.ActiveCfg = Debug|Any CPU
		{FCCBE7A9-CFE7-44DA-A380-1CC440A7C73D}.Debug|Any CPU.Build.0 = Debug|Any CPU
		{FCCBE7A9-CFE7-44DA-A380-1CC440A7C73D}.Release|Any CPU.ActiveCfg = Release|Any CPU
		{FCCBE7A9-CFE7-44DA-A380-1CC440A7C73D}.Release|Any CPU.Build.0 = Release|Any CPU
		{E77B9414-F8BD-4CE7-85BE-3BC9741B9733}.Debug|Any CPU.ActiveCfg = Debug|Any CPU
		{E77B9414-F8BD-4CE7-85BE-3BC9741B9733}.Debug|Any CPU.Build.0 = Debug|Any CPU
		{E77B9414-F8BD-4CE7-85BE-3BC9741B9733}.Release|Any CPU.ActiveCfg = Release|Any CPU
		{E77B9414-F8BD-4CE7-85BE-3BC9741B9733}.Release|Any CPU.Build.0 = Release|Any CPU
		{7951E977-945F-4AD9-83A8-371CB3472650}.Debug|Any CPU.ActiveCfg = Debug|Any CPU
		{7951E977-945F-4AD9-83A8-371CB3472650}.Debug|Any CPU.Build.0 = Debug|Any CPU
		{7951E977-945F-4AD9-83A8-371CB3472650}.Release|Any CPU.ActiveCfg = Release|Any CPU
		{7951E977-945F-4AD9-83A8-371CB3472650}.Release|Any CPU.Build.0 = Release|Any CPU
		{CFC42C37-B855-4269-A5CA-9D2667ADBD17}.Debug|Any CPU.ActiveCfg = Debug|Any CPU
		{CFC42C37-B855-4269-A5CA-9D2667ADBD17}.Debug|Any CPU.Build.0 = Debug|Any CPU
		{CFC42C37-B855-4269-A5CA-9D2667ADBD17}.Release|Any CPU.ActiveCfg = Release|Any CPU
		{CFC42C37-B855-4269-A5CA-9D2667ADBD17}.Release|Any CPU.Build.0 = Release|Any CPU
		{D1A5C9AB-83C6-4CB2-A4A6-E3A7662D26F8}.Debug|Any CPU.ActiveCfg = Debug|Any CPU
		{D1A5C9AB-83C6-4CB2-A4A6-E3A7662D26F8}.Debug|Any CPU.Build.0 = Debug|Any CPU
		{D1A5C9AB-83C6-4CB2-A4A6-E3A7662D26F8}.Release|Any CPU.ActiveCfg = Release|Any CPU
		{D1A5C9AB-83C6-4CB2-A4A6-E3A7662D26F8}.Release|Any CPU.Build.0 = Release|Any CPU
		{46AB81C5-9E08-40D4-A895-FFE9FFDB9232}.Debug|Any CPU.ActiveCfg = Debug|Any CPU
		{46AB81C5-9E08-40D4-A895-FFE9FFDB9232}.Debug|Any CPU.Build.0 = Debug|Any CPU
		{46AB81C5-9E08-40D4-A895-FFE9FFDB9232}.Release|Any CPU.ActiveCfg = Release|Any CPU
		{46AB81C5-9E08-40D4-A895-FFE9FFDB9232}.Release|Any CPU.Build.0 = Release|Any CPU
		{AF4F4E84-C6D2-4BA5-83C1-4E730A19DAB1}.Debug|Any CPU.ActiveCfg = Debug|Any CPU
		{AF4F4E84-C6D2-4BA5-83C1-4E730A19DAB1}.Debug|Any CPU.Build.0 = Debug|Any CPU
		{AF4F4E84-C6D2-4BA5-83C1-4E730A19DAB1}.Release|Any CPU.ActiveCfg = Release|Any CPU
		{AF4F4E84-C6D2-4BA5-83C1-4E730A19DAB1}.Release|Any CPU.Build.0 = Release|Any CPU
		{3162D629-E25D-4D0E-9CC8-EBE0C94A60AC}.Debug|Any CPU.ActiveCfg = Debug|Any CPU
		{3162D629-E25D-4D0E-9CC8-EBE0C94A60AC}.Debug|Any CPU.Build.0 = Debug|Any CPU
		{3162D629-E25D-4D0E-9CC8-EBE0C94A60AC}.Release|Any CPU.ActiveCfg = Release|Any CPU
		{3162D629-E25D-4D0E-9CC8-EBE0C94A60AC}.Release|Any CPU.Build.0 = Release|Any CPU
	EndGlobalSection
	GlobalSection(SolutionProperties) = preSolution
		HideSolutionNode = FALSE
	EndGlobalSection
	GlobalSection(NestedProjects) = preSolution
		{A5030386-718B-41B0-9BDC-995F0F5056C0} = {F817D029-C0DB-42C9-8BE3-92B457234BD5}
		{201F411D-3B1E-4D0A-AFE6-B02E3BFF0095} = {F817D029-C0DB-42C9-8BE3-92B457234BD5}
		{BCABE5F8-7A41-4AD5-A0C7-43752932B12D} = {F817D029-C0DB-42C9-8BE3-92B457234BD5}
		{E310CA69-E932-4E71-8E74-3295D0E770C2} = {9AE2D8E1-FACF-4886-A864-5537DBE2076D}
		{A617475E-5585-4A82-9F71-678E519A20EA} = {9AE2D8E1-FACF-4886-A864-5537DBE2076D}
		{97C4BA7C-0AD4-456B-ABBF-27E43EF2FF6C} = {9AE2D8E1-FACF-4886-A864-5537DBE2076D}
		{A6D1461B-3F5E-4391-9D71-2B36871AF671} = {3C25F90F-BFDD-4EFE-8809-F131DC3B78AC}
		{FCCBE7A9-CFE7-44DA-A380-1CC440A7C73D} = {3C25F90F-BFDD-4EFE-8809-F131DC3B78AC}
		{E77B9414-F8BD-4CE7-85BE-3BC9741B9733} = {3C25F90F-BFDD-4EFE-8809-F131DC3B78AC}
		{7951E977-945F-4AD9-83A8-371CB3472650} = {23586514-CA9B-42D1-8AB7-EFF3BCB0628F}
		{CFC42C37-B855-4269-A5CA-9D2667ADBD17} = {23586514-CA9B-42D1-8AB7-EFF3BCB0628F}
		{D1A5C9AB-83C6-4CB2-A4A6-E3A7662D26F8} = {23586514-CA9B-42D1-8AB7-EFF3BCB0628F}
		{46AB81C5-9E08-40D4-A895-FFE9FFDB9232} = {D2AC62D2-2DA7-4932-A75E-B9B483B2CAE8}
		{AF4F4E84-C6D2-4BA5-83C1-4E730A19DAB1} = {D2AC62D2-2DA7-4932-A75E-B9B483B2CAE8}
		{3162D629-E25D-4D0E-9CC8-EBE0C94A60AC} = {D2AC62D2-2DA7-4932-A75E-B9B483B2CAE8}
	EndGlobalSection
	GlobalSection(ExtensibilityGlobals) = postSolution
		SolutionGuid = {C5B6FDED-C214-49E8-9811-0FDA3494DB81}
	EndGlobalSection
EndGlobal
